
Microsoft Visual Studio Solution File, Format Version 12.00
# Visual Studio Version 17
VisualStudioVersion = 17.6.33815.320
MinimumVisualStudioVersion = 10.0.40219.1
Project("{9A19103F-16F7-4668-BE54-9A1E7A4F7556}") = "DotNETToSplunkAndSEQLoggingApplication", "DotNETToSplunkAndSEQLoggingApplication\DotNETToSplunkAndSEQLoggingApplication.csproj", "{B4B748F4-F08F-4228-9BBF-399C1CF7858B}"
EndProject
Project("{E53339B2-1760-4266-BCC7-CA923CBCF16C}") = "docker-compose", "docker-compose.dcproj", "{A1DFB9C1-A1BF-47B3-97C7-5B6FB467B7CF}"
EndProject
Global
	GlobalSection(SolutionConfigurationPlatforms) = preSolution
		Debug|Any CPU = Debug|Any CPU
		Release|Any CPU = Release|Any CPU
	EndGlobalSection
	GlobalSection(ProjectConfigurationPlatforms) = postSolution
		{B4B748F4-F08F-4228-9BBF-399C1CF7858B}.Debug|Any CPU.ActiveCfg = Debug|Any CPU
		{B4B748F4-F08F-4228-9BBF-399C1CF7858B}.Debug|Any CPU.Build.0 = Debug|Any CPU
		{B4B748F4-F08F-4228-9BBF-399C1CF7858B}.Release|Any CPU.ActiveCfg = Release|Any CPU
		{B4B748F4-F08F-4228-9BBF-399C1CF7858B}.Release|Any CPU.Build.0 = Release|Any CPU
		{A1DFB9C1-A1BF-47B3-97C7-5B6FB467B7CF}.Debug|Any CPU.ActiveCfg = Debug|Any CPU
		{A1DFB9C1-A1BF-47B3-97C7-5B6FB467B7CF}.Debug|Any CPU.Build.0 = Debug|Any CPU
		{A1DFB9C1-A1BF-47B3-97C7-5B6FB467B7CF}.Release|Any CPU.ActiveCfg = Release|Any CPU
		{A1DFB9C1-A1BF-47B3-97C7-5B6FB467B7CF}.Release|Any CPU.Build.0 = Release|Any CPU
	EndGlobalSection
	GlobalSection(SolutionProperties) = preSolution
		HideSolutionNode = FALSE
	EndGlobalSection
	GlobalSection(ExtensibilityGlobals) = postSolution
		SolutionGuid = {425E177A-9959-4724-8EFA-060D6F90E246}
	EndGlobalSection
EndGlobal
